{
  "name": "mfrc522",
  "version": "1.0.0",
  "lockfileVersion": 3,
  "requires": true,
  "packages": {
    "": {
      "name": "mfrc522",
      "version": "1.0.0",
      "license": "MIT",
      "dependencies": {
        "@eeemarv/io-spi": "*"
      }
    },
    "node_modules/@eeemarv/io-spi": {
      "version": "0.2.6",
      "hasInstallScript": true,
      "license": "MIT",
      "os": [
        "linux"
      ],
      "dependencies": {
        "node-addon-api": "^8.3.1"
      },
      "engines": {
        "node": ">=20"
      }
    },
    "node_modules/@eeemarv/io-spi/node_modules/node-addon-api": {
      "version": "8.4.0",
      "license": "MIT",
      "engines": {
        "node": "^18 || ^20 || >= 21"
      }
    }
  }
}
